
Microsoft Visual Studio Solution File, Format Version 12.00
# Visual Studio Version 17
VisualStudioVersion = 17.11.35327.3
MinimumVisualStudioVersion = 10.0.40219.1
Project("{2150E333-8FDC-42A3-9474-1A3956D46DE8}") = "Solution Items", "Solution Items", "{377AA79F-A7BE-420A-9B56-7177FFECA06B}"
	ProjectSection(SolutionItems) = preProject
		.editorconfig = .editorconfig
		Directory.Build.props = Directory.Build.props
	EndProjectSection
EndProject
Project("{2150E333-8FDC-42A3-9474-1A3956D46DE8}") = "source", "source", "{58B6E72C-06B7-482E-9136-CB7F87D7E477}"
EndProject
Project("{2150E333-8FDC-42A3-9474-1A3956D46DE8}") = "docs", "docs", "{B5F67E5E-209B-47C8-B0BF-49A1D43A0796}"
EndProject
Project("{2150E333-8FDC-42A3-9474-1A3956D46DE8}") = "tests", "tests", "{94AC0729-CB83-4231-91BC-E85EAB529F85}"
EndProject
Project("{2150E333-8FDC-42A3-9474-1A3956D46DE8}") = "API", "API", "{7457DD78-5DDA-4444-85F4-36CFCBB42608}"
EndProject
Project("{2150E333-8FDC-42A3-9474-1A3956D46DE8}") = "Modules", "Modules", "{70C4EC43-E08C-4F5B-9FFA-A0C3A0F952A0}"
EndProject
Project("{2150E333-8FDC-42A3-9474-1A3956D46DE8}") = "Codes", "Codes", "{FFDA2871-4C41-420D-BAF9-CFB0792D4150}"
EndProject
Project("{9A19103F-16F7-4668-BE54-9A1E7A4F7556}") = "ModuleMonolith.Api", "source\Api\ModuleMonolith.Api\ModuleMonolith.Api.csproj", "{A4E88D4B-0AA0-4C62-B8AA-1BAA74F6B763}"
EndProject
Project("{E53339B2-1760-4266-BCC7-CA923CBCF16C}") = "docker-compose", "docker-compose.dcproj", "{65F71D1E-1DE5-4DCD-81A5-F21A5493A975}"
EndProject
Project("{9A19103F-16F7-4668-BE54-9A1E7A4F7556}") = "ModuleMonolith.Modules.Codes.Domain", "source\Modules\Codes\ModuleMonolith.Modules.Codes.Domain\ModuleMonolith.Modules.Codes.Domain.csproj", "{0FAA8A9E-444E-44D7-AB1D-CE265ED8F00B}"
EndProject
Project("{9A19103F-16F7-4668-BE54-9A1E7A4F7556}") = "ModuleMonolith.Modules.Codes.Application", "source\Modules\Codes\ModuleMonolith.Modules.Codes.Application\ModuleMonolith.Modules.Codes.Application.csproj", "{57E6A3D5-037E-4BFF-A86E-177CFEA8DCDE}"
EndProject
Project("{9A19103F-16F7-4668-BE54-9A1E7A4F7556}") = "ModuleMonolith.Modules.Codes.Infrastructure", "source\Modules\Codes\ModuleMonolith.Modules.Codes.Infrastructure\ModuleMonolith.Modules.Codes.Infrastructure.csproj", "{0E232D6F-D75A-4286-B921-0AB4FF46905C}"
EndProject
Project("{9A19103F-16F7-4668-BE54-9A1E7A4F7556}") = "ModuleMonolith.Modules.Codes.Presentation", "source\Modules\Codes\ModuleMonolith.Modules.Codes.Presentation\ModuleMonolith.Modules.Codes.Presentation.csproj", "{1F1FA7AC-82C5-4EA3-A64A-A6C1F13F0949}"
EndProject
Project("{2150E333-8FDC-42A3-9474-1A3956D46DE8}") = "Common", "Common", "{C00339BA-99D7-4F9E-B2D5-0EF061439E4B}"
EndProject
Project("{9A19103F-16F7-4668-BE54-9A1E7A4F7556}") = "ModuleMonolith.Common.Application", "source\Common\ModuleMonolith.Common.Application\ModuleMonolith.Common.Application.csproj", "{BB57C31D-00B1-4D99-B967-8C351389CE80}"
EndProject
Project("{9A19103F-16F7-4668-BE54-9A1E7A4F7556}") = "ModuleMonolith.Common.Domain", "source\Common\ModuleMonolith.Common.Domain\ModuleMonolith.Common.Domain.csproj", "{39FBD194-4491-4FA2-A370-7E825E121F09}"
EndProject
Project("{9A19103F-16F7-4668-BE54-9A1E7A4F7556}") = "ModuleMonolith.Common.Infrastructure", "source\Common\ModuleMonolith.Common.Infrastructure\ModuleMonolith.Common.Infrastructure.csproj", "{EF453CF6-5437-4AE1-A0D5-E91620D7DC7A}"
EndProject
Project("{9A19103F-16F7-4668-BE54-9A1E7A4F7556}") = "ModuleMonolith.Common.Presentation", "source\Common\ModuleMonolith.Common.Presentation\ModuleMonolith.Common.Presentation.csproj", "{CF328F33-6F0E-41C1-9C7D-CB9EA452958B}"
EndProject
Project("{2150E333-8FDC-42A3-9474-1A3956D46DE8}") = "Users", "Users", "{A651187A-BBD4-4CA4-98D8-9139C2147BC2}"
EndProject
Project("{9A19103F-16F7-4668-BE54-9A1E7A4F7556}") = "ModuleMonolith.Modules.Users.Application", "source\Modules\Users\ModuleMonolith.Modules.Users.Application\ModuleMonolith.Modules.Users.Application.csproj", "{B2A1E75B-E956-4BD7-AB32-09AE359804B3}"
EndProject
Project("{9A19103F-16F7-4668-BE54-9A1E7A4F7556}") = "ModuleMonolith.Modules.Users.Domain", "source\Modules\Users\ModuleMonolith.Modules.Users.Domain\ModuleMonolith.Modules.Users.Domain.csproj", "{D73EF453-046C-4E6F-940E-E236DE2FBEBE}"
EndProject
Project("{9A19103F-16F7-4668-BE54-9A1E7A4F7556}") = "ModuleMonolith.Modules.Users.Infrastructure", "source\Modules\Users\ModuleMonolith.Modules.Users.Infrastructure\ModuleMonolith.Modules.Users.Infrastructure.csproj", "{FEAF555D-31A5-4B2E-AF56-75BDED0C6B24}"
EndProject
Project("{9A19103F-16F7-4668-BE54-9A1E7A4F7556}") = "ModuleMonolith.Modules.Users.Presentation", "source\Modules\Users\ModuleMonolith.Modules.Users.Presentation\ModuleMonolith.Modules.Users.Presentation.csproj", "{05DA37CA-FCD1-43BE-8A35-AC6F879A1AE6}"
EndProject
Project("{2150E333-8FDC-42A3-9474-1A3956D46DE8}") = "Orders", "Orders", "{E8563F3A-3713-4063-A44E-59D3CAB56790}"
EndProject
Project("{9A19103F-16F7-4668-BE54-9A1E7A4F7556}") = "ModuleMonolith.Modules.Orders.Application", "source\Modules\Orders\ModuleMonolith.Modules.Orders.Application\ModuleMonolith.Modules.Orders.Application.csproj", "{A2D1FAB6-2A25-448A-AB46-D6D3679271FC}"
EndProject
Project("{9A19103F-16F7-4668-BE54-9A1E7A4F7556}") = "ModuleMonolith.Modules.Orders.Domain", "source\Modules\Orders\ModuleMonolith.Modules.Orders.Domain\ModuleMonolith.Modules.Orders.Domain.csproj", "{07112E59-F32C-4FCA-B52D-C6EE42D33915}"
EndProject
Project("{9A19103F-16F7-4668-BE54-9A1E7A4F7556}") = "ModuleMonolith.Modules.Orders.Infrastructure", "source\Modules\Orders\ModuleMonolith.Modules.Orders.Infrastructure\ModuleMonolith.Modules.Orders.Infrastructure.csproj", "{FD956F9E-8E58-4F01-AA4C-0D57CAEC3B92}"
EndProject
Project("{9A19103F-16F7-4668-BE54-9A1E7A4F7556}") = "ModuleMonolith.Modules.Orders.Presentation", "source\Modules\Orders\ModuleMonolith.Modules.Orders.Presentation\ModuleMonolith.Modules.Orders.Presentation.csproj", "{D4686A94-EFDB-4477-8908-0D5BD9D4BA04}"
EndProject
Project("{FAE04EC0-301F-11D3-BF4B-00C04F79EFBC}") = "ModuleMonolith.Modules.Users.PublicApi", "source\Modules\Users\ModuleMonolith.Modules.Users.PublicApi\ModuleMonolith.Modules.Users.PublicApi.csproj", "{79962105-7E59-4F4F-B30D-10269EDC7C98}"
EndProject
Project("{FAE04EC0-301F-11D3-BF4B-00C04F79EFBC}") = "ModuleMonolith.Modules.Codes.PublicApi", "source\Modules\Codes\ModuleMonolith.Modules.Codes.PublicApi\ModuleMonolith.Modules.Codes.PublicApi.csproj", "{4624199A-673A-4895-BF2F-994A1B2DE060}"
EndProject
Project("{FAE04EC0-301F-11D3-BF4B-00C04F79EFBC}") = "ModuleMonolith.Modules.Users.IntegrationEvents", "source\Modules\Users\ModuleMonolith.Modules.Users.IntegrationEvents\ModuleMonolith.Modules.Users.IntegrationEvents.csproj", "{CE98DEF6-F20C-4558-B4E0-E5088B1B44A3}"
EndProject
Global
	GlobalSection(SolutionConfigurationPlatforms) = preSolution
		Debug|Any CPU = Debug|Any CPU
		Release|Any CPU = Release|Any CPU
	EndGlobalSection
	GlobalSection(ProjectConfigurationPlatforms) = postSolution
		{A4E88D4B-0AA0-4C62-B8AA-1BAA74F6B763}.Debug|Any CPU.ActiveCfg = Debug|Any CPU
		{A4E88D4B-0AA0-4C62-B8AA-1BAA74F6B763}.Debug|Any CPU.Build.0 = Debug|Any CPU
		{A4E88D4B-0AA0-4C62-B8AA-1BAA74F6B763}.Release|Any CPU.ActiveCfg = Release|Any CPU
		{A4E88D4B-0AA0-4C62-B8AA-1BAA74F6B763}.Release|Any CPU.Build.0 = Release|Any CPU
		{65F71D1E-1DE5-4DCD-81A5-F21A5493A975}.Debug|Any CPU.ActiveCfg = Debug|Any CPU
		{65F71D1E-1DE5-4DCD-81A5-F21A5493A975}.Debug|Any CPU.Build.0 = Debug|Any CPU
		{65F71D1E-1DE5-4DCD-81A5-F21A5493A975}.Release|Any CPU.ActiveCfg = Release|Any CPU
		{65F71D1E-1DE5-4DCD-81A5-F21A5493A975}.Release|Any CPU.Build.0 = Release|Any CPU
		{0FAA8A9E-444E-44D7-AB1D-CE265ED8F00B}.Debug|Any CPU.ActiveCfg = Debug|Any CPU
		{0FAA8A9E-444E-44D7-AB1D-CE265ED8F00B}.Debug|Any CPU.Build.0 = Debug|Any CPU
		{0FAA8A9E-444E-44D7-AB1D-CE265ED8F00B}.Release|Any CPU.ActiveCfg = Release|Any CPU
		{0FAA8A9E-444E-44D7-AB1D-CE265ED8F00B}.Release|Any CPU.Build.0 = Release|Any CPU
		{57E6A3D5-037E-4BFF-A86E-177CFEA8DCDE}.Debug|Any CPU.ActiveCfg = Debug|Any CPU
		{57E6A3D5-037E-4BFF-A86E-177CFEA8DCDE}.Debug|Any CPU.Build.0 = Debug|Any CPU
		{57E6A3D5-037E-4BFF-A86E-177CFEA8DCDE}.Release|Any CPU.ActiveCfg = Release|Any CPU
		{57E6A3D5-037E-4BFF-A86E-177CFEA8DCDE}.Release|Any CPU.Build.0 = Release|Any CPU
		{0E232D6F-D75A-4286-B921-0AB4FF46905C}.Debug|Any CPU.ActiveCfg = Debug|Any CPU
		{0E232D6F-D75A-4286-B921-0AB4FF46905C}.Debug|Any CPU.Build.0 = Debug|Any CPU
		{0E232D6F-D75A-4286-B921-0AB4FF46905C}.Release|Any CPU.ActiveCfg = Release|Any CPU
		{0E232D6F-D75A-4286-B921-0AB4FF46905C}.Release|Any CPU.Build.0 = Release|Any CPU
		{1F1FA7AC-82C5-4EA3-A64A-A6C1F13F0949}.Debug|Any CPU.ActiveCfg = Debug|Any CPU
		{1F1FA7AC-82C5-4EA3-A64A-A6C1F13F0949}.Debug|Any CPU.Build.0 = Debug|Any CPU
		{1F1FA7AC-82C5-4EA3-A64A-A6C1F13F0949}.Release|Any CPU.ActiveCfg = Release|Any CPU
		{1F1FA7AC-82C5-4EA3-A64A-A6C1F13F0949}.Release|Any CPU.Build.0 = Release|Any CPU
		{BB57C31D-00B1-4D99-B967-8C351389CE80}.Debug|Any CPU.ActiveCfg = Debug|Any CPU
		{BB57C31D-00B1-4D99-B967-8C351389CE80}.Debug|Any CPU.Build.0 = Debug|Any CPU
		{BB57C31D-00B1-4D99-B967-8C351389CE80}.Release|Any CPU.ActiveCfg = Release|Any CPU
		{BB57C31D-00B1-4D99-B967-8C351389CE80}.Release|Any CPU.Build.0 = Release|Any CPU
		{39FBD194-4491-4FA2-A370-7E825E121F09}.Debug|Any CPU.ActiveCfg = Debug|Any CPU
		{39FBD194-4491-4FA2-A370-7E825E121F09}.Debug|Any CPU.Build.0 = Debug|Any CPU
		{39FBD194-4491-4FA2-A370-7E825E121F09}.Release|Any CPU.ActiveCfg = Release|Any CPU
		{39FBD194-4491-4FA2-A370-7E825E121F09}.Release|Any CPU.Build.0 = Release|Any CPU
		{EF453CF6-5437-4AE1-A0D5-E91620D7DC7A}.Debug|Any CPU.ActiveCfg = Debug|Any CPU
		{EF453CF6-5437-4AE1-A0D5-E91620D7DC7A}.Debug|Any CPU.Build.0 = Debug|Any CPU
		{EF453CF6-5437-4AE1-A0D5-E91620D7DC7A}.Release|Any CPU.ActiveCfg = Release|Any CPU
		{EF453CF6-5437-4AE1-A0D5-E91620D7DC7A}.Release|Any CPU.Build.0 = Release|Any CPU
		{CF328F33-6F0E-41C1-9C7D-CB9EA452958B}.Debug|Any CPU.ActiveCfg = Debug|Any CPU
		{CF328F33-6F0E-41C1-9C7D-CB9EA452958B}.Debug|Any CPU.Build.0 = Debug|Any CPU
		{CF328F33-6F0E-41C1-9C7D-CB9EA452958B}.Release|Any CPU.ActiveCfg = Release|Any CPU
		{CF328F33-6F0E-41C1-9C7D-CB9EA452958B}.Release|Any CPU.Build.0 = Release|Any CPU
		{B2A1E75B-E956-4BD7-AB32-09AE359804B3}.Debug|Any CPU.ActiveCfg = Debug|Any CPU
		{B2A1E75B-E956-4BD7-AB32-09AE359804B3}.Debug|Any CPU.Build.0 = Debug|Any CPU
		{B2A1E75B-E956-4BD7-AB32-09AE359804B3}.Release|Any CPU.ActiveCfg = Release|Any CPU
		{B2A1E75B-E956-4BD7-AB32-09AE359804B3}.Release|Any CPU.Build.0 = Release|Any CPU
		{D73EF453-046C-4E6F-940E-E236DE2FBEBE}.Debug|Any CPU.ActiveCfg = Debug|Any CPU
		{D73EF453-046C-4E6F-940E-E236DE2FBEBE}.Debug|Any CPU.Build.0 = Debug|Any CPU
		{D73EF453-046C-4E6F-940E-E236DE2FBEBE}.Release|Any CPU.ActiveCfg = Release|Any CPU
		{D73EF453-046C-4E6F-940E-E236DE2FBEBE}.Release|Any CPU.Build.0 = Release|Any CPU
		{FEAF555D-31A5-4B2E-AF56-75BDED0C6B24}.Debug|Any CPU.ActiveCfg = Debug|Any CPU
		{FEAF555D-31A5-4B2E-AF56-75BDED0C6B24}.Debug|Any CPU.Build.0 = Debug|Any CPU
		{FEAF555D-31A5-4B2E-AF56-75BDED0C6B24}.Release|Any CPU.ActiveCfg = Release|Any CPU
		{FEAF555D-31A5-4B2E-AF56-75BDED0C6B24}.Release|Any CPU.Build.0 = Release|Any CPU
		{05DA37CA-FCD1-43BE-8A35-AC6F879A1AE6}.Debug|Any CPU.ActiveCfg = Debug|Any CPU
		{05DA37CA-FCD1-43BE-8A35-AC6F879A1AE6}.Debug|Any CPU.Build.0 = Debug|Any CPU
		{05DA37CA-FCD1-43BE-8A35-AC6F879A1AE6}.Release|Any CPU.ActiveCfg = Release|Any CPU
		{05DA37CA-FCD1-43BE-8A35-AC6F879A1AE6}.Release|Any CPU.Build.0 = Release|Any CPU
		{A2D1FAB6-2A25-448A-AB46-D6D3679271FC}.Debug|Any CPU.ActiveCfg = Debug|Any CPU
		{A2D1FAB6-2A25-448A-AB46-D6D3679271FC}.Debug|Any CPU.Build.0 = Debug|Any CPU
		{A2D1FAB6-2A25-448A-AB46-D6D3679271FC}.Release|Any CPU.ActiveCfg = Release|Any CPU
		{A2D1FAB6-2A25-448A-AB46-D6D3679271FC}.Release|Any CPU.Build.0 = Release|Any CPU
		{07112E59-F32C-4FCA-B52D-C6EE42D33915}.Debug|Any CPU.ActiveCfg = Debug|Any CPU
		{07112E59-F32C-4FCA-B52D-C6EE42D33915}.Debug|Any CPU.Build.0 = Debug|Any CPU
		{07112E59-F32C-4FCA-B52D-C6EE42D33915}.Release|Any CPU.ActiveCfg = Release|Any CPU
		{07112E59-F32C-4FCA-B52D-C6EE42D33915}.Release|Any CPU.Build.0 = Release|Any CPU
		{FD956F9E-8E58-4F01-AA4C-0D57CAEC3B92}.Debug|Any CPU.ActiveCfg = Debug|Any CPU
		{FD956F9E-8E58-4F01-AA4C-0D57CAEC3B92}.Debug|Any CPU.Build.0 = Debug|Any CPU
		{FD956F9E-8E58-4F01-AA4C-0D57CAEC3B92}.Release|Any CPU.ActiveCfg = Release|Any CPU
		{FD956F9E-8E58-4F01-AA4C-0D57CAEC3B92}.Release|Any CPU.Build.0 = Release|Any CPU
		{D4686A94-EFDB-4477-8908-0D5BD9D4BA04}.Debug|Any CPU.ActiveCfg = Debug|Any CPU
		{D4686A94-EFDB-4477-8908-0D5BD9D4BA04}.Debug|Any CPU.Build.0 = Debug|Any CPU
		{D4686A94-EFDB-4477-8908-0D5BD9D4BA04}.Release|Any CPU.ActiveCfg = Release|Any CPU
		{D4686A94-EFDB-4477-8908-0D5BD9D4BA04}.Release|Any CPU.Build.0 = Release|Any CPU
		{79962105-7E59-4F4F-B30D-10269EDC7C98}.Debug|Any CPU.ActiveCfg = Debug|Any CPU
		{79962105-7E59-4F4F-B30D-10269EDC7C98}.Debug|Any CPU.Build.0 = Debug|Any CPU
		{79962105-7E59-4F4F-B30D-10269EDC7C98}.Release|Any CPU.ActiveCfg = Release|Any CPU
		{79962105-7E59-4F4F-B30D-10269EDC7C98}.Release|Any CPU.Build.0 = Release|Any CPU
		{4624199A-673A-4895-BF2F-994A1B2DE060}.Debug|Any CPU.ActiveCfg = Debug|Any CPU
		{4624199A-673A-4895-BF2F-994A1B2DE060}.Debug|Any CPU.Build.0 = Debug|Any CPU
		{4624199A-673A-4895-BF2F-994A1B2DE060}.Release|Any CPU.ActiveCfg = Release|Any CPU
		{4624199A-673A-4895-BF2F-994A1B2DE060}.Release|Any CPU.Build.0 = Release|Any CPU
		{CE98DEF6-F20C-4558-B4E0-E5088B1B44A3}.Debug|Any CPU.ActiveCfg = Debug|Any CPU
		{CE98DEF6-F20C-4558-B4E0-E5088B1B44A3}.Debug|Any CPU.Build.0 = Debug|Any CPU
		{CE98DEF6-F20C-4558-B4E0-E5088B1B44A3}.Release|Any CPU.ActiveCfg = Release|Any CPU
		{CE98DEF6-F20C-4558-B4E0-E5088B1B44A3}.Release|Any CPU.Build.0 = Release|Any CPU
	EndGlobalSection
	GlobalSection(SolutionProperties) = preSolution
		HideSolutionNode = FALSE
	EndGlobalSection
	GlobalSection(NestedProjects) = preSolution
		{7457DD78-5DDA-4444-85F4-36CFCBB42608} = {58B6E72C-06B7-482E-9136-CB7F87D7E477}
		{70C4EC43-E08C-4F5B-9FFA-A0C3A0F952A0} = {58B6E72C-06B7-482E-9136-CB7F87D7E477}
		{FFDA2871-4C41-420D-BAF9-CFB0792D4150} = {70C4EC43-E08C-4F5B-9FFA-A0C3A0F952A0}
		{A4E88D4B-0AA0-4C62-B8AA-1BAA74F6B763} = {7457DD78-5DDA-4444-85F4-36CFCBB42608}
		{0FAA8A9E-444E-44D7-AB1D-CE265ED8F00B} = {FFDA2871-4C41-420D-BAF9-CFB0792D4150}
		{57E6A3D5-037E-4BFF-A86E-177CFEA8DCDE} = {FFDA2871-4C41-420D-BAF9-CFB0792D4150}
		{0E232D6F-D75A-4286-B921-0AB4FF46905C} = {FFDA2871-4C41-420D-BAF9-CFB0792D4150}
		{1F1FA7AC-82C5-4EA3-A64A-A6C1F13F0949} = {FFDA2871-4C41-420D-BAF9-CFB0792D4150}
		{C00339BA-99D7-4F9E-B2D5-0EF061439E4B} = {58B6E72C-06B7-482E-9136-CB7F87D7E477}
		{BB57C31D-00B1-4D99-B967-8C351389CE80} = {C00339BA-99D7-4F9E-B2D5-0EF061439E4B}
		{39FBD194-4491-4FA2-A370-7E825E121F09} = {C00339BA-99D7-4F9E-B2D5-0EF061439E4B}
		{EF453CF6-5437-4AE1-A0D5-E91620D7DC7A} = {C00339BA-99D7-4F9E-B2D5-0EF061439E4B}
		{CF328F33-6F0E-41C1-9C7D-CB9EA452958B} = {C00339BA-99D7-4F9E-B2D5-0EF061439E4B}
		{A651187A-BBD4-4CA4-98D8-9139C2147BC2} = {70C4EC43-E08C-4F5B-9FFA-A0C3A0F952A0}
		{B2A1E75B-E956-4BD7-AB32-09AE359804B3} = {A651187A-BBD4-4CA4-98D8-9139C2147BC2}
		{D73EF453-046C-4E6F-940E-E236DE2FBEBE} = {A651187A-BBD4-4CA4-98D8-9139C2147BC2}
		{FEAF555D-31A5-4B2E-AF56-75BDED0C6B24} = {A651187A-BBD4-4CA4-98D8-9139C2147BC2}
		{05DA37CA-FCD1-43BE-8A35-AC6F879A1AE6} = {A651187A-BBD4-4CA4-98D8-9139C2147BC2}
		{E8563F3A-3713-4063-A44E-59D3CAB56790} = {70C4EC43-E08C-4F5B-9FFA-A0C3A0F952A0}
		{A2D1FAB6-2A25-448A-AB46-D6D3679271FC} = {E8563F3A-3713-4063-A44E-59D3CAB56790}
		{07112E59-F32C-4FCA-B52D-C6EE42D33915} = {E8563F3A-3713-4063-A44E-59D3CAB56790}
		{FD956F9E-8E58-4F01-AA4C-0D57CAEC3B92} = {E8563F3A-3713-4063-A44E-59D3CAB56790}
		{D4686A94-EFDB-4477-8908-0D5BD9D4BA04} = {E8563F3A-3713-4063-A44E-59D3CAB56790}
		{79962105-7E59-4F4F-B30D-10269EDC7C98} = {A651187A-BBD4-4CA4-98D8-9139C2147BC2}
		{4624199A-673A-4895-BF2F-994A1B2DE060} = {FFDA2871-4C41-420D-BAF9-CFB0792D4150}
		{CE98DEF6-F20C-4558-B4E0-E5088B1B44A3} = {A651187A-BBD4-4CA4-98D8-9139C2147BC2}
	EndGlobalSection
	GlobalSection(ExtensibilityGlobals) = postSolution
		SolutionGuid = {B7980F2D-2EA7-4C77-A7C5-3E109EBE8925}
	EndGlobalSection
EndGlobal
